// !$*UTF8*$!
{
	archiveVersion = 1;
	classes = {
	};
	objectVersion = 50;
	objects = {

/* Begin PBXBuildFile section */
		1DCC4C1B2395AA0A00868546 /* AppDelegate.swift in Sources */ = {isa = PBXBuildFile; fileRef = 1DCC4C1A2395AA0A00868546 /* AppDelegate.swift */; };
		1DCC4C1D2395AA0A00868546 /* SceneDelegate.swift in Sources */ = {isa = PBXBuildFile; fileRef = 1DCC4C1C2395AA0A00868546 /* SceneDelegate.swift */; };
		1DCC4C1F2395AA0A00868546 /* ContentView.swift in Sources */ = {isa = PBXBuildFile; fileRef = 1DCC4C1E2395AA0A00868546 /* ContentView.swift */; };
		1DCC4C212395AA0D00868546 /* Assets.xcassets in Resources */ = {isa = PBXBuildFile; fileRef = 1DCC4C202395AA0D00868546 /* Assets.xcassets */; };
		1DCC4C242395AA0D00868546 /* Preview Assets.xcassets in Resources */ = {isa = PBXBuildFile; fileRef = 1DCC4C232395AA0D00868546 /* Preview Assets.xcassets */; };
		1DCC4C272395AA0D00868546 /* LaunchScreen.storyboard in Resources */ = {isa = PBXBuildFile; fileRef = 1DCC4C252395AA0D00868546 /* LaunchScreen.storyboard */; };
		1DCC4C2F2395AA3800868546 /* MapView.swift in Sources */ = {isa = PBXBuildFile; fileRef = 1DCC4C2E2395AA3800868546 /* MapView.swift */; };
		1DCC4C752397026B00868546 /* MKPointAnnotation-ObservableObject.swift in Sources */ = {isa = PBXBuildFile; fileRef = 1DCC4C742397026B00868546 /* MKPointAnnotation-ObservableObject.swift */; };
		1DCC4C772397032700868546 /* EditView.swift in Sources */ = {isa = PBXBuildFile; fileRef = 1DCC4C762397032700868546 /* EditView.swift */; };
/* End PBXBuildFile section */

/* Begin PBXFileReference section */
		1DCC4C172395AA0A00868546 /* AdvancedMKMapViewWithSwiftUI.app */ = {isa = PBXFileReference; explicitFileType = wrapper.application; includeInIndex = 0; path = AdvancedMKMapViewWithSwiftUI.app; sourceTree = BUILT_PRODUCTS_DIR; };
		1DCC4C1A2395AA0A00868546 /* AppDelegate.swift */ = {isa = PBXFileReference; lastKnownFileType = sourcecode.swift; path = AppDelegate.swift; sourceTree = "<group>"; };
		1DCC4C1C2395AA0A00868546 /* SceneDelegate.swift */ = {isa = PBXFileReference; lastKnownFileType = sourcecode.swift; path = SceneDelegate.swift; sourceTree = "<group>"; };
		1DCC4C1E2395AA0A00868546 /* ContentView.swift */ = {isa = PBXFileReference; lastKnownFileType = sourcecode.swift; path = ContentView.swift; sourceTree = "<group>"; };
		1DCC4C202395AA0D00868546 /* Assets.xcassets */ = {isa = PBXFileReference; lastKnownFileType = folder.assetcatalog; path = Assets.xcassets; sourceTree = "<group>"; };
		1DCC4C232395AA0D00868546 /* Preview Assets.xcassets */ = {isa = PBXFileReference; lastKnownFileType = folder.assetcatalog; path = "Preview Assets.xcassets"; sourceTree = "<group>"; };
		1DCC4C262395AA0D00868546 /* Base */ = {isa = PBXFileReference; lastKnownFileType = file.storyboard; name = Base; path = Base.lproj/LaunchScreen.storyboard; sourceTree = "<group>"; };
		1DCC4C282395AA0E00868546 /* Info.plist */ = {isa = PBXFileReference; lastKnownFileType = text.plist.xml; path = Info.plist; sourceTree = "<group>"; };
		1DCC4C2E2395AA3800868546 /* MapView.swift */ = {isa = PBXFileReference; lastKnownFileType = sourcecode.swift; path = MapView.swift; sourceTree = "<group>"; };
		1DCC4C742397026B00868546 /* MKPointAnnotation-ObservableObject.swift */ = {isa = PBXFileReference; lastKnownFileType = sourcecode.swift; path = "MKPointAnnotation-ObservableObject.swift"; sourceTree = "<group>"; };
		1DCC4C762397032700868546 /* EditView.swift */ = {isa = PBXFileReference; lastKnownFileType = sourcecode.swift; path = EditView.swift; sourceTree = "<group>"; };
/* End PBXFileReference section */

/* Begin PBXFrameworksBuildPhase section */
		1DCC4C142395AA0A00868546 /* Frameworks */ = {
			isa = PBXFrameworksBuildPhase;
			buildActionMask = 2147483647;
			files = (
			);
			runOnlyForDeploymentPostprocessing = 0;
		};
/* End PBXFrameworksBuildPhase section */

/* Begin PBXGroup section */
		1DCC4C0E2395AA0A00868546 = {
			isa = PBXGroup;
			children = (
				1DCC4C192395AA0A00868546 /* AdvancedMKMapViewWithSwiftUI */,
				1DCC4C182395AA0A00868546 /* Products */,
			);
			sourceTree = "<group>";
		};
		1DCC4C182395AA0A00868546 /* Products */ = {
			isa = PBXGroup;
			children = (
				1DCC4C172395AA0A00868546 /* AdvancedMKMapViewWithSwiftUI.app */,
			);
			name = Products;
			sourceTree = "<group>";
		};
		1DCC4C192395AA0A00868546 /* AdvancedMKMapViewWithSwiftUI */ = {
			isa = PBXGroup;
			children = (
				1DCC4C1A2395AA0A00868546 /* AppDelegate.swift */,
				1DCC4C1C2395AA0A00868546 /* SceneDelegate.swift */,
				1DCC4C1E2395AA0A00868546 /* ContentView.swift */,
				1DCC4C202395AA0D00868546 /* Assets.xcassets */,
				1DCC4C252395AA0D00868546 /* LaunchScreen.storyboard */,
				1DCC4C282395AA0E00868546 /* Info.plist */,
				1DCC4C222395AA0D00868546 /* Preview Content */,
				1DCC4C2E2395AA3800868546 /* MapView.swift */,
				1DCC4C742397026B00868546 /* MKPointAnnotation-ObservableObject.swift */,
				1DCC4C762397032700868546 /* EditView.swift */,
			);
			path = AdvancedMKMapViewWithSwiftUI;
			sourceTree = "<group>";
		};
		1DCC4C222395AA0D00868546 /* Preview Content */ = {
			isa = PBXGroup;
			children = (
				1DCC4C232395AA0D00868546 /* Preview Assets.xcassets */,
			);
			path = "Preview Content";
			sourceTree = "<group>";
		};
/* End PBXGroup section */

/* Begin PBXNativeTarget section */
		1DCC4C162395AA0A00868546 /* AdvancedMKMapViewWithSwiftUI */ = {
			isa = PBXNativeTarget;
			buildConfigurationList = 1DCC4C2B2395AA0E00868546 /* Build configuration list for PBXNativeTarget "AdvancedMKMapViewWithSwiftUI" */;
			buildPhases = (
				1DCC4C132395AA0A00868546 /* Sources */,
				1DCC4C142395AA0A00868546 /* Frameworks */,
				1DCC4C152395AA0A00868546 /* Resources */,
			);
			buildRules = (
			);
			dependencies = (
			);
			name = AdvancedMKMapViewWithSwiftUI;
			productName = AdvancedMKMapViewWithSwiftUI;
			productReference = 1DCC4C172395AA0A00868546 /* AdvancedMKMapViewWithSwiftUI.app */;
			productType = "com.apple.product-type.application";
		};
/* End PBXNativeTarget section */

/* Begin PBXProject section */
		1DCC4C0F2395AA0A00868546 /* Project object */ = {
			isa = PBXProject;
			attributes = {
				LastSwiftUpdateCheck = 1120;
				LastUpgradeCheck = 1120;
				ORGANIZATIONNAME = "Ramill Ibragimov";
				TargetAttributes = {
					1DCC4C162395AA0A00868546 = {
						CreatedOnToolsVersion = 11.2.1;
					};
				};
			};
			buildConfigurationList = 1DCC4C122395AA0A00868546 /* Build configuration list for PBXProject "AdvancedMKMapViewWithSwiftUI" */;
			compatibilityVersion = "Xcode 9.3";
			developmentRegion = en;
			hasScannedForEncodings = 0;
			knownRegions = (
				en,
				Base,
			);
			mainGroup = 1DCC4C0E2395AA0A00868546;
			productRefGroup = 1DCC4C182395AA0A00868546 /* Products */;
			projectDirPath = "";
			projectRoot = "";
			targets = (
				1DCC4C162395AA0A00868546 /* AdvancedMKMapViewWithSwiftUI */,
			);
		};
/* End PBXProject section */

/* Begin PBXResourcesBuildPhase section */
		1DCC4C152395AA0A00868546 /* Resources */ = {
			isa = PBXResourcesBuildPhase;
			buildActionMask = 2147483647;
			files = (
				1DCC4C272395AA0D00868546 /* LaunchScreen.storyboard in Resources */,
				1DCC4C242395AA0D00868546 /* Preview Assets.xcassets in Resources */,
				1DCC4C212395AA0D00868546 /* Assets.xcassets in Resources */,
			);
			runOnlyForDeploymentPostprocessing = 0;
		};
/* End PBXResourcesBuildPhase section */

/* Begin PBXSourcesBuildPhase section */
		1DCC4C132395AA0A00868546 /* Sources */ = {
			isa = PBXSourcesBuildPhase;
			buildActionMask = 2147483647;
			files = (
				1DCC4C1B2395AA0A00868546 /* AppDelegate.swift in Sources */,
				1DCC4C2F2395AA3800868546 /* MapView.swift in Sources */,
				1DCC4C772397032700868546 /* EditView.swift in Sources */,
				1DCC4C1D2395AA0A00868546 /* SceneDelegate.swift in Sources */,
				1DCC4C752397026B00868546 /* MKPointAnnotation-ObservableObject.swift in Sources */,
				1DCC4C1F2395AA0A00868546 /* ContentView.swift in Sources */,
			);
			runOnlyForDeploymentPostprocessing = 0;
		};
/* End PBXSourcesBuildPhase section */

/* Begin PBXVariantGroup section */
		1DCC4C252395AA0D00868546 /* LaunchScreen.storyboard */ = {
			isa = PBXVariantGroup;
			children = (
				1DCC4C262395AA0D00868546 /* Base */,
			);
			name = LaunchScreen.storyboard;
			sourceTree = "<group>";
		};
/* End PBXVariantGroup section */

/* Begin XCBuildConfiguration section */
		1DCC4C292395AA0E00868546 /* Debug */ = {
			isa = XCBuildConfiguration;
			buildSettings = {
				ALWAYS_SEARCH_USER_PATHS = NO;
				CLANG_ANALYZER_NONNULL = YES;
				CLANG_ANALYZER_NUMBER_OBJECT_CONVERSION = YES_AGGRESSIVE;
				CLANG_CXX_LANGUAGE_STANDARD = "gnu++14";
				CLANG_CXX_LIBRARY = "libc++";
				CLANG_ENABLE_MODULES = YES;
				CLANG_ENABLE_OBJC_ARC = YES;
				CLANG_ENABLE_OBJC_WEAK = YES;
				CLANG_WARN_BLOCK_CAPTURE_AUTORELEASING = YES;
				CLANG_WARN_BOOL_CONVERSION = YES;
				CLANG_WARN_COMMA = YES;
				CLANG_WARN_CONSTANT_CONVERSION = YES;
				CLANG_WARN_DEPRECATED_OBJC_IMPLEMENTATIONS = YES;
				CLANG_WARN_DIRECT_OBJC_ISA_USAGE = YES_ERROR;
				CLANG_WARN_DOCUMENTATION_COMMENTS = YES;
				CLANG_WARN_EMPTY_BODY = YES;
				CLANG_WARN_ENUM_CONVERSION = YES;
				CLANG_WARN_INFINITE_RECURSION = YES;
				CLANG_WARN_INT_CONVERSION = YES;
				CLANG_WARN_NON_LITERAL_NULL_CONVERSION = YES;
				CLANG_WARN_OBJC_IMPLICIT_RETAIN_SELF = YES;
				CLANG_WARN_OBJC_LITERAL_CONVERSION = YES;
				CLANG_WARN_OBJC_ROOT_CLASS = YES_ERROR;
				CLANG_WARN_RANGE_LOOP_ANALYSIS = YES;
				CLANG_WARN_STRICT_PROTOTYPES = YES;
				CLANG_WARN_SUSPICIOUS_MOVE = YES;
				CLANG_WARN_UNGUARDED_AVAILABILITY = YES_AGGRESSIVE;
				CLANG_WARN_UNREACHABLE_CODE = YES;
				CLANG_WARN__DUPLICATE_METHOD_MATCH = YES;
				COPY_PHASE_STRIP = NO;
				DEBUG_INFORMATION_FORMAT = dwarf;
				ENABLE_STRICT_OBJC_MSGSEND = YES;
				ENABLE_TESTABILITY = YES;
				GCC_C_LANGUAGE_STANDARD = gnu11;
				GCC_DYNAMIC_NO_PIC = NO;
				GCC_NO_COMMON_BLOCKS = YES;
				GCC_OPTIMIZATION_LEVEL = 0;
				GCC_PREPROCESSOR_DEFINITIONS = (
					"DEBUG=1",
					"$(inherited)",
				);
				GCC_WARN_64_TO_32_BIT_CONVERSION = YES;
				GCC_WARN_ABOUT_RETURN_TYPE = YES_ERROR;
				GCC_WARN_UNDECLARED_SELECTOR = YES;
				GCC_WARN_UNINITIALIZED_AUTOS = YES_AGGRESSIVE;
				GCC_WARN_UNUSED_FUNCTION = YES;
				GCC_WARN_UNUSED_VARIABLE = YES;
				IPHONEOS_DEPLOYMENT_TARGET = 13.2;
				MTL_ENABLE_DEBUG_INFO = INCLUDE_SOURCE;
				MTL_FAST_MATH = YES;
				ONLY_ACTIVE_ARCH = YES;
				SDKROOT = iphoneos;
				SWIFT_ACTIVE_COMPILATION_CONDITIONS = DEBUG;
				SWIFT_OPTIMIZATION_LEVEL = "-Onone";
			};
			name = Debug;
		};
		1DCC4C2A2395AA0E00868546 /* Release */ = {
			isa = XCBuildConfiguration;
			buildSettings = {
				ALWAYS_SEARCH_USER_PATHS = NO;
				CLANG_ANALYZER_NONNULL = YES;
				CLANG_ANALYZER_NUMBER_OBJECT_CONVERSION = YES_AGGRESSIVE;
				CLANG_CXX_LANGUAGE_STANDARD = "gnu++14";
				CLANG_CXX_LIBRARY = "libc++";
				CLANG_ENABLE_MODULES = YES;
				CLANG_ENABLE_OBJC_ARC = YES;
				CLANG_ENABLE_OBJC_WEAK = YES;
				CLANG_WARN_BLOCK_CAPTURE_AUTORELEASING = YES;
				CLANG_WARN_BOOL_CONVERSION = YES;
				CLANG_WARN_COMMA = YES;
				CLANG_WARN_CONSTANT_CONVERSION = YES;
				CLANG_WARN_DEPRECATED_OBJC_IMPLEMENTATIONS = YES;
				CLANG_WARN_DIRECT_OBJC_ISA_USAGE = YES_ERROR;
				CLANG_WARN_DOCUMENTATION_COMMENTS = YES;
				CLANG_WARN_EMPTY_BODY = YES;
				CLANG_WARN_ENUM_CONVERSION = YES;
				CLANG_WARN_INFINITE_RECURSION = YES;
				CLANG_WARN_INT_CONVERSION = YES;
				CLANG_WARN_NON_LITERAL_NULL_CONVERSION = YES;
				CLANG_WARN_OBJC_IMPLICIT_RETAIN_SELF = YES;
				CLANG_WARN_OBJC_LITERAL_CONVERSION = YES;
				CLANG_WARN_OBJC_ROOT_CLASS = YES_ERROR;
				CLANG_WARN_RANGE_LOOP_ANALYSIS = YES;
				CLANG_WARN_STRICT_PROTOTYPES = YES;
				CLANG_WARN_SUSPICIOUS_MOVE = YES;
				CLANG_WARN_UNGUARDED_AVAILABILITY = YES_AGGRESSIVE;
				CLANG_WARN_UNREACHABLE_CODE = YES;
				CLANG_WARN__DUPLICATE_METHOD_MATCH = YES;
				COPY_PHASE_STRIP = NO;
				DEBUG_INFORMATION_FORMAT = "dwarf-with-dsym";
				ENABLE_NS_ASSERTIONS = NO;
				ENABLE_STRICT_OBJC_MSGSEND = YES;
				GCC_C_LANGUAGE_STANDARD = gnu11;
				GCC_NO_COMMON_BLOCKS = YES;
				GCC_WARN_64_TO_32_BIT_CONVERSION = YES;
				GCC_WARN_ABOUT_RETURN_TYPE = YES_ERROR;
				GCC_WARN_UNDECLARED_SELECTOR = YES;
				GCC_WARN_UNINITIALIZED_AUTOS = YES_AGGRESSIVE;
				GCC_WARN_UNUSED_FUNCTION = YES;
				GCC_WARN_UNUSED_VARIABLE = YES;
				IPHONEOS_DEPLOYMENT_TARGET = 13.2;
				MTL_ENABLE_DEBUG_INFO = NO;
				MTL_FAST_MATH = YES;
				SDKROOT = iphoneos;
				SWIFT_COMPILATION_MODE = wholemodule;
				SWIFT_OPTIMIZATION_LEVEL = "-O";
				VALIDATE_PRODUCT = YES;
			};
			name = Release;
		};
		1DCC4C2C2395AA0E00868546 /* Debug */ = {
			isa = XCBuildConfiguration;
			buildSettings = {
				ASSETCATALOG_COMPILER_APPICON_NAME = AppIcon;
				CODE_SIGN_STYLE = Automatic;
				DEVELOPMENT_ASSET_PATHS = "\"AdvancedMKMapViewWithSwiftUI/Preview Content\"";
				DEVELOPMENT_TEAM = L8W86DZDY2;
				ENABLE_PREVIEWS = YES;
				INFOPLIST_FILE = AdvancedMKMapViewWithSwiftUI/Info.plist;
				LD_RUNPATH_SEARCH_PATHS = (
					"$(inherited)",
					"@executable_path/Frameworks",
				);
				PRODUCT_BUNDLE_IDENTIFIER = com.ri.AdvancedMKMapViewWithSwiftUI;
				PRODUCT_NAME = "$(TARGET_NAME)";
				SWIFT_VERSION = 5.0;
				TARGETED_DEVICE_FAMILY = "1,2";
			};
			name = Debug;
		};
		1DCC4C2D2395AA0E00868546 /* Release */ = {
			isa = XCBuildConfiguration;
			buildSettings = {
				ASSETCATALOG_COMPILER_APPICON_NAME = AppIcon;
				CODE_SIGN_STYLE = Automatic;
				DEVELOPMENT_ASSET_PATHS = "\"AdvancedMKMapViewWithSwiftUI/Preview Content\"";
				DEVELOPMENT_TEAM = L8W86DZDY2;
				ENABLE_PREVIEWS = YES;
				INFOPLIST_FILE = AdvancedMKMapViewWithSwiftUI/Info.plist;
				LD_RUNPATH_SEARCH_PATHS = (
					"$(inherited)",
					"@executable_path/Frameworks",
				);
				PRODUCT_BUNDLE_IDENTIFIER = com.ri.AdvancedMKMapViewWithSwiftUI;
				PRODUCT_NAME = "$(TARGET_NAME)";
				SWIFT_VERSION = 5.0;
				TARGETED_DEVICE_FAMILY = "1,2";
			};
			name = Release;
		};
/* End XCBuildConfiguration section */

/* Begin XCConfigurationList section */
		1DCC4C122395AA0A00868546 /* Build configuration list for PBXProject "AdvancedMKMapViewWithSwiftUI" */ = {
			isa = XCConfigurationList;
			buildConfigurations = (
				1DCC4C292395AA0E00868546 /* Debug */,
				1DCC4C2A2395AA0E00868546 /* Release */,
			);
			defaultConfigurationIsVisible = 0;
			defaultConfigurationName = Release;
		};
		1DCC4C2B2395AA0E00868546 /* Build configuration list for PBXNativeTarget "AdvancedMKMapViewWithSwiftUI" */ = {
			isa = XCConfigurationList;
			buildConfigurations = (
				1DCC4C2C2395AA0E00868546 /* Debug */,
				1DCC4C2D2395AA0E00868546 /* Release */,
			);
			defaultConfigurationIsVisible = 0;
			defaultConfigurationName = Release;
		};
/* End XCConfigurationList section */
	};
	rootObject = 1DCC4C0F2395AA0A00868546 /* Project object */;
}
